
Microsoft Visual Studio Solution File, Format Version 12.00
# Visual Studio Version 17
VisualStudioVersion = 17.4.33110.190
MinimumVisualStudioVersion = 10.0.40219.1
Project("{FAE04EC0-301F-11D3-BF4B-00C04F79EFBC}") = "TC3.2-MoodAnalyzer", "TC3.2-MoodAnalyzer.csproj", "{128C8672-D269-470B-BE32-5C52FDDCFC08}"
EndProject
Project("{FAE04EC0-301F-11D3-BF4B-00C04F79EFBC}") = "TestProject3.2TC", "..\TestProject3.2TC\TestProject3.2TC.csproj", "{F17B4D5E-5CCD-40C2-A964-24F444752DFD}"
EndProject
Global
	GlobalSection(SolutionConfigurationPlatforms) = preSolution
		Debug|Any CPU = Debug|Any CPU
		Release|Any CPU = Release|Any CPU
	EndGlobalSection
	GlobalSection(ProjectConfigurationPlatforms) = postSolution
		{128C8672-D269-470B-BE32-5C52FDDCFC08}.Debug|Any CPU.ActiveCfg = Debug|Any CPU
		{128C8672-D269-470B-BE32-5C52FDDCFC08}.Debug|Any CPU.Build.0 = Debug|Any CPU
		{128C8672-D269-470B-BE32-5C52FDDCFC08}.Release|Any CPU.ActiveCfg = Release|Any CPU
		{128C8672-D269-470B-BE32-5C52FDDCFC08}.Release|Any CPU.Build.0 = Release|Any CPU
		{F17B4D5E-5CCD-40C2-A964-24F444752DFD}.Debug|Any CPU.ActiveCfg = Debug|Any CPU
		{F17B4D5E-5CCD-40C2-A964-24F444752DFD}.Debug|Any CPU.Build.0 = Debug|Any CPU
		{F17B4D5E-5CCD-40C2-A964-24F444752DFD}.Release|Any CPU.ActiveCfg = Release|Any CPU
		{F17B4D5E-5CCD-40C2-A964-24F444752DFD}.Release|Any CPU.Build.0 = Release|Any CPU
	EndGlobalSection
	GlobalSection(SolutionProperties) = preSolution
		HideSolutionNode = FALSE
	EndGlobalSection
	GlobalSection(ExtensibilityGlobals) = postSolution
		SolutionGuid = {073FF1FE-870B-49BE-B0B9-FCE3E658F8AA}
	EndGlobalSection
EndGlobal
